<?xml version="1.0" encoding="utf-8"?>
<Project ToolsVersion="4.0" xmlns="http://schemas.microsoft.com/developer/msbuild/2003">
  <ItemGroup>
    <Filter Include="Source Files">
      <UniqueIdentifier>{4FC737F1-C7A5-4376-A066-2A32D752A2FF}</UniqueIdentifier>
      <Extensions>cpp;c;cc;cxx;def;odl;idl;hpj;bat;asm;asmx</Extensions>
    </Filter>
    <Filter Include="Header Files">
      <UniqueIdentifier>{93995380-89BD-4b04-88EB-625FBE52EBFB}</UniqueIdentifier>
      <Extensions>h;hh;hpp;hxx;hm;inl;inc;xsd</Extensions>
    </Filter>
    <Filter Include="Resource Files">
      <UniqueIdentifier>{67DA6AB6-F800-4c08-8B7A-83BB121AAD01}</UniqueIdentifier>
      <Extensions>rc;ico;cur;bmp;dlg;rc2;rct;bin;rgs;gif;jpg;jpeg;jpe;resx;tiff;tif;png;wav;mfcribbon-ms</Extensions>
    </Filter>
    <Filter Include="imgui">
      <UniqueIdentifier>{a90b54a9-6cd8-4497-b56c-5cdb2b17ef0b}</UniqueIdentifier>
    </Filter>
    <Filter Include="Header Files\Movements">
      <UniqueIdentifier>{fde9443d-7147-4fee-95fd-bf7d215bfa74}</UniqueIdentifier>
    </Filter>
    <Filter Include="Source Files\Movements">
      <UniqueIdentifier>{15a5df28-7b9c-4d94-a2fb-65de9395fd8e}</UniqueIdentifier>
    </Filter>
    <Filter Include="Source Files\TrashTheCacheExercises">
      <UniqueIdentifier>{5bfdade9-6418-4661-ac22-72dcb540bc59}</UniqueIdentifier>
    </Filter>
    <Filter Include="Engine">
      <UniqueIdentifier>{3725d1f6-4a6b-429b-982c-99f273498e9f}</UniqueIdentifier>
    </Filter>
    <Filter Include="Digger">
      <UniqueIdentifier>{100f1319-4196-4b58-af10-e2dfd10c93b2}</UniqueIdentifier>
    </Filter>
    <Filter Include="Engine\Header Files">
      <UniqueIdentifier>{175f4935-dec0-4622-9e6e-0d6107fa112d}</UniqueIdentifier>
    </Filter>
    <Filter Include="Engine\Sources Files">
      <UniqueIdentifier>{a0ddbd3a-545d-48f3-8c00-3b6965a480e2}</UniqueIdentifier>
    </Filter>
    <Filter Include="Engine\Header Files\Graph">
      <UniqueIdentifier>{b38f2b6f-f91d-4921-944e-7d608213f208}</UniqueIdentifier>
    </Filter>
    <Filter Include="Engine\Sources Files\Graph">
      <UniqueIdentifier>{d33c7888-51ad-4031-bfbf-627eefa1f181}</UniqueIdentifier>
    </Filter>
    <Filter Include="Engine\Header Files\FiniteStateMachine">
      <UniqueIdentifier>{e4944784-d0d2-4806-9548-c9e34c86d0ee}</UniqueIdentifier>
    </Filter>
    <Filter Include="Engine\Sources Files\FiniteStateMachine">
      <UniqueIdentifier>{7650f2e7-8fa5-4a9d-aeeb-a521975698ed}</UniqueIdentifier>
    </Filter>
    <Filter Include="Engine\Header Files\Collision">
      <UniqueIdentifier>{f0a61edb-f31c-44f4-bf87-9efde7045352}</UniqueIdentifier>
    </Filter>
    <Filter Include="Engine\Header Files\Commands">
      <UniqueIdentifier>{e06a86df-1f65-4a5f-82ad-d6fc260d279d}</UniqueIdentifier>
    </Filter>
    <Filter Include="Engine\Header Files\TrashTheCacheExercises">
      <UniqueIdentifier>{5cde0179-88ed-42ca-bae4-4481c29f4422}</UniqueIdentifier>
    </Filter>
    <Filter Include="Engine\Sources Files\Collision">
      <UniqueIdentifier>{25e58c89-6e2f-482f-a47e-9458fc478df0}</UniqueIdentifier>
    </Filter>
    <Filter Include="Engine\Sources Files\Commands">
      <UniqueIdentifier>{9bc2e90f-6110-4d5f-a96e-8724c6fd4b02}</UniqueIdentifier>
    </Filter>
    <Filter Include="Engine\Header Files\Components">
      <UniqueIdentifier>{1ccffe15-cf31-4e7f-b276-b117fd033167}</UniqueIdentifier>
    </Filter>
    <Filter Include="Engine\Sources Files\Components">
      <UniqueIdentifier>{6ea7a708-2e66-434a-8d46-945e0c148a9a}</UniqueIdentifier>
    </Filter>
    <Filter Include="json">
      <UniqueIdentifier>{61101b28-1ea9-4802-b868-a3b50548ff80}</UniqueIdentifier>
    </Filter>
    <Filter Include="Engine\Header Files\UI">
      <UniqueIdentifier>{73243038-5771-4e89-b7f5-b197516c6dda}</UniqueIdentifier>
    </Filter>
    <Filter Include="Engine\Sources Files\UI">
      <UniqueIdentifier>{3aabcbe6-027c-4eae-85d3-0af529eb6ce5}</UniqueIdentifier>
    </Filter>
    <Filter Include="Engine\Sources Files\Utils">
      <UniqueIdentifier>{dd0b7468-2596-48a5-9860-8bc91a566394}</UniqueIdentifier>
    </Filter>
    <Filter Include="Engine\Sources Files\Singleton">
      <UniqueIdentifier>{7fc91fa5-17f0-47e1-8861-5aca9bb19ded}</UniqueIdentifier>
    </Filter>
    <Filter Include="Engine\Header Files\Utils">
      <UniqueIdentifier>{03ca893d-d2db-4b06-b21b-3c4d550db8bf}</UniqueIdentifier>
    </Filter>
    <Filter Include="Engine\Header Files\Singleton">
      <UniqueIdentifier>{b4eff23f-390b-4064-9ff9-4851283858c2}</UniqueIdentifier>
    </Filter>
  </ItemGroup>
  <ItemGroup>
    <ClInclude Include="Texture2D.h">
      <Filter>Header Files</Filter>
    </ClInclude>
    <ClInclude Include="GameObject.h">
      <Filter>Header Files</Filter>
    </ClInclude>
    <ClInclude Include="Transform.h">
      <Filter>Header Files</Filter>
    </ClInclude>
    <ClInclude Include="Scene.h">
      <Filter>Header Files</Filter>
    </ClInclude>
    <ClInclude Include="Font.h">
      <Filter>Header Files</Filter>
    </ClInclude>
    <ClInclude Include="Minigin.h">
      <Filter>Header Files</Filter>
    </ClInclude>
    <ClInclude Include="..\3rdParty\imgui\imconfig.h">
      <Filter>imgui</Filter>
    </ClInclude>
    <ClInclude Include="..\3rdParty\imgui\imgui.h">
      <Filter>imgui</Filter>
    </ClInclude>
    <ClInclude Include="..\3rdParty\imgui\imgui_internal.h">
      <Filter>imgui</Filter>
    </ClInclude>
    <ClInclude Include="..\3rdParty\imgui\imstb_rectpack.h">
      <Filter>imgui</Filter>
    </ClInclude>
    <ClInclude Include="..\3rdParty\imgui\imstb_textedit.h">
      <Filter>imgui</Filter>
    </ClInclude>
    <ClInclude Include="..\3rdParty\imgui\imstb_truetype.h">
      <Filter>imgui</Filter>
    </ClInclude>
    <ClInclude Include="..\3rdParty\imgui\backends\imgui_impl_opengl3.h">
      <Filter>imgui</Filter>
    </ClInclude>
    <ClInclude Include="..\3rdParty\imgui\backends\imgui_impl_sdl2.h">
      <Filter>imgui</Filter>
    </ClInclude>
    <ClInclude Include="..\3rdParty\imgui\implot.h">
      <Filter>imgui</Filter>
    </ClInclude>
    <ClInclude Include="..\3rdParty\imgui\implot_internal.h">
      <Filter>imgui</Filter>
    </ClInclude>
    <ClInclude Include="..\3rdParty\imgui\imgui_plot.h">
      <Filter>imgui</Filter>
    </ClInclude>
    <ClInclude Include="Command.h">
      <Filter>Engine\Header Files\Commands</Filter>
    </ClInclude>
    <ClInclude Include="InputManager.h">
      <Filter>Engine\Header Files\Commands</Filter>
    </ClInclude>
    <ClInclude Include="GameObjectCommand.h">
      <Filter>Engine\Header Files\Commands</Filter>
    </ClInclude>
    <ClInclude Include="RotateComponent.h">
      <Filter>Header Files\Movements</Filter>
    </ClInclude>
    <ClInclude Include="Controller.h">
      <Filter>Engine\Header Files\Commands</Filter>
    </ClInclude>
    <ClInclude Include="TrashTheCacheComponent.h">
      <Filter>Engine\Header Files\TrashTheCacheExercises</Filter>
    </ClInclude>
    <ClInclude Include="TrashTheCacheGOComponent.h">
      <Filter>Engine\Header Files\TrashTheCacheExercises</Filter>
    </ClInclude>
    <ClInclude Include="Graph.h">
      <Filter>Engine\Header Files\Graph</Filter>
    </ClInclude>
    <ClInclude Include="BoxCollider2D.h">
      <Filter>Engine\Header Files\Collision</Filter>
    </ClInclude>
    <ClInclude Include="Collider2D.h">
      <Filter>Engine\Header Files\Collision</Filter>
    </ClInclude>
    <ClInclude Include="ColliderComponent.h">
      <Filter>Engine\Header Files\Collision</Filter>
    </ClInclude>
    <ClInclude Include="FiniteStateMachine.h">
      <Filter>Engine\Header Files\FiniteStateMachine</Filter>
    </ClInclude>
    <ClInclude Include="Blackboard.h">
      <Filter>Engine\Header Files\FiniteStateMachine</Filter>
    </ClInclude>
    <ClInclude Include="SpriteComponent.h">
      <Filter>Engine\Header Files\Components</Filter>
    </ClInclude>
    <ClInclude Include="..\3rdParty\nlohmann\json.hpp">
      <Filter>json</Filter>
    </ClInclude>
    <ClInclude Include="Widget.h">
      <Filter>Engine\Header Files\UI</Filter>
    </ClInclude>
    <ClInclude Include="UIElementComponent.h">
      <Filter>Engine\Header Files\UI</Filter>
    </ClInclude>
    <ClInclude Include="ButtonComponent.h">
      <Filter>Engine\Header Files\UI</Filter>
    </ClInclude>
    <ClInclude Include="TextComponent.h">
      <Filter>Engine\Header Files\UI</Filter>
    </ClInclude>
    <ClInclude Include="TextureComponent.h">
      <Filter>Engine\Header Files\UI</Filter>
    </ClInclude>
    <ClInclude Include="Observer.h">
      <Filter>Engine\Header Files\Singleton</Filter>
    </ClInclude>
    <ClInclude Include="Renderer.h">
      <Filter>Engine\Header Files\Singleton</Filter>
    </ClInclude>
    <ClInclude Include="ResourceManager.h">
      <Filter>Engine\Header Files\Singleton</Filter>
    </ClInclude>
    <ClInclude Include="SceneManager.h">
      <Filter>Engine\Header Files\Singleton</Filter>
    </ClInclude>
    <ClInclude Include="SoundSystemEngine.h">
      <Filter>Engine\Header Files\Singleton</Filter>
    </ClInclude>
    <ClInclude Include="FpsComponent.h">
      <Filter>Engine\Header Files\Components</Filter>
    </ClInclude>
    <ClInclude Include="AnimatorComponent.h">
      <Filter>Engine\Header Files\Components</Filter>
    </ClInclude>
    <ClInclude Include="BaseComponent.h">
      <Filter>Engine\Header Files\Components</Filter>
    </ClInclude>
    <ClInclude Include="Singleton.h">
      <Filter>Engine\Header Files\Singleton</Filter>
    </ClInclude>
    <ClInclude Include="MathUtils.h">
      <Filter>Engine\Header Files\Utils</Filter>
    </ClInclude>
    <ClInclude Include="Utils.h">
      <Filter>Engine\Header Files\Utils</Filter>
    </ClInclude>
    <ClInclude Include="TimeEngine.h">
      <Filter>Engine\Header Files\Singleton</Filter>
    </ClInclude>
    <ClInclude Include="WidgetManager.h">
      <Filter>Engine\Header Files\UI</Filter>
    </ClInclude>
    <ClInclude Include="GameState.h">
      <Filter>Header Files</Filter>
    </ClInclude>
    <ClInclude Include="GameInstance.h">
      <Filter>Header Files</Filter>
    </ClInclude>
    <ClInclude Include="QuadTree.h">
      <Filter>Header Files</Filter>
    </ClInclude>
    <ClInclude Include="SpatialGrid.h">
      <Filter>Header Files</Filter>
    </ClInclude>
    <ClInclude Include="NavMeshAgentComponent.h">
      <Filter>Header Files</Filter>
    </ClInclude>
    <ClInclude Include="ThreadPool.h">
      <Filter>Header Files</Filter>
    </ClInclude>
    <ClInclude Include="KeyboardComponent.h">
      <Filter>Engine\Header Files\UI</Filter>
    </ClInclude>
    <ClInclude Include="NullSoundSystem.h">
      <Filter>Header Files</Filter>
    </ClInclude>
  </ItemGroup>
  <ItemGroup>
    <ClCompile Include="Texture2D.cpp">
      <Filter>Source Files</Filter>
    </ClCompile>
    <ClCompile Include="GameObject.cpp">
      <Filter>Source Files</Filter>
    </ClCompile>
    <ClCompile Include="Transform.cpp">
      <Filter>Source Files</Filter>
    </ClCompile>
    <ClCompile Include="Scene.cpp">
      <Filter>Source Files</Filter>
    </ClCompile>
    <ClCompile Include="Font.cpp">
      <Filter>Source Files</Filter>
    </ClCompile>
    <ClCompile Include="Minigin.cpp">
      <Filter>Source Files</Filter>
    </ClCompile>
    <ClCompile Include="..\3rdParty\imgui\imgui.cpp">
      <Filter>imgui</Filter>
    </ClCompile>
    <ClCompile Include="..\3rdParty\imgui\imgui_demo.cpp">
      <Filter>imgui</Filter>
    </ClCompile>
    <ClCompile Include="..\3rdParty\imgui\imgui_draw.cpp">
      <Filter>imgui</Filter>
    </ClCompile>
    <ClCompile Include="..\3rdParty\imgui\imgui_tables.cpp">
      <Filter>imgui</Filter>
    </ClCompile>
    <ClCompile Include="..\3rdParty\imgui\imgui_widgets.cpp">
      <Filter>imgui</Filter>
    </ClCompile>
    <ClCompile Include="..\3rdParty\imgui\backends\imgui_impl_opengl3.cpp">
      <Filter>imgui</Filter>
    </ClCompile>
    <ClCompile Include="..\3rdParty\imgui\backends\imgui_impl_sdl2.cpp">
      <Filter>imgui</Filter>
    </ClCompile>
    <ClCompile Include="..\3rdParty\imgui\implot.cpp">
      <Filter>imgui</Filter>
    </ClCompile>
    <ClCompile Include="..\3rdParty\imgui\implot_demo.cpp">
      <Filter>imgui</Filter>
    </ClCompile>
    <ClCompile Include="..\3rdParty\imgui\implot_items.cpp">
      <Filter>imgui</Filter>
    </ClCompile>
    <ClCompile Include="..\3rdParty\imgui\imgui_plot.cpp">
      <Filter>imgui</Filter>
    </ClCompile>
    <ClCompile Include="InputManager.cpp">
      <Filter>Engine\Sources Files\Commands</Filter>
    </ClCompile>
    <ClCompile Include="Command.cpp">
      <Filter>Engine\Sources Files\Commands</Filter>
    </ClCompile>
    <ClCompile Include="GameObjectCommand.cpp">
      <Filter>Engine\Sources Files\Commands</Filter>
    </ClCompile>
    <ClCompile Include="RotateComponent.cpp">
      <Filter>Source Files\Movements</Filter>
    </ClCompile>
    <ClCompile Include="Controller.cpp">
      <Filter>Engine\Sources Files\Commands</Filter>
    </ClCompile>
    <ClCompile Include="TrashTheCacheComponent.cpp">
      <Filter>Source Files\TrashTheCacheExercises</Filter>
    </ClCompile>
    <ClCompile Include="TrashTheCacheGOComponent.cpp">
      <Filter>Source Files\TrashTheCacheExercises</Filter>
    </ClCompile>
    <ClCompile Include="BoxCollider2D.cpp">
      <Filter>Engine\Sources Files\Collision</Filter>
    </ClCompile>
    <ClCompile Include="Collider2D.cpp">
      <Filter>Engine\Sources Files\Collision</Filter>
    </ClCompile>
    <ClCompile Include="ColliderComponent.cpp">
      <Filter>Engine\Sources Files\Collision</Filter>
    </ClCompile>
    <ClCompile Include="FiniteStateMachine.cpp">
      <Filter>Engine\Sources Files\FiniteStateMachine</Filter>
    </ClCompile>
    <ClCompile Include="Graph.cpp">
      <Filter>Engine\Sources Files\Graph</Filter>
    </ClCompile>
    <ClCompile Include="Blackboard.cpp">
      <Filter>Engine\Sources Files\FiniteStateMachine</Filter>
    </ClCompile>
    <ClCompile Include="SpriteComponent.cpp">
      <Filter>Engine\Sources Files\Components</Filter>
    </ClCompile>
    <ClCompile Include="UIElementComponent.cpp">
      <Filter>Engine\Sources Files\UI</Filter>
    </ClCompile>
    <ClCompile Include="Widget.cpp">
      <Filter>Engine\Sources Files\UI</Filter>
    </ClCompile>
    <ClCompile Include="ButtonComponent.cpp">
      <Filter>Engine\Sources Files\UI</Filter>
    </ClCompile>
    <ClCompile Include="TextureComponent.cpp">
      <Filter>Engine\Sources Files\UI</Filter>
    </ClCompile>
    <ClCompile Include="TextComponent.cpp">
      <Filter>Engine\Sources Files\UI</Filter>
    </ClCompile>
    <ClCompile Include="Utils.cpp">
      <Filter>Engine\Sources Files\Utils</Filter>
    </ClCompile>
    <ClCompile Include="MathUtils.cpp">
      <Filter>Engine\Sources Files\Utils</Filter>
    </ClCompile>
    <ClCompile Include="Renderer.cpp">
      <Filter>Engine\Sources Files\Singleton</Filter>
    </ClCompile>
    <ClCompile Include="ResourceManager.cpp">
      <Filter>Engine\Sources Files\Singleton</Filter>
    </ClCompile>
    <ClCompile Include="Observer.cpp">
      <Filter>Engine\Sources Files\Singleton</Filter>
    </ClCompile>
    <ClCompile Include="TimeEngine.cpp">
      <Filter>Engine\Sources Files\Singleton</Filter>
    </ClCompile>
    <ClCompile Include="SoundSystemEngine.cpp">
      <Filter>Engine\Sources Files\Singleton</Filter>
    </ClCompile>
    <ClCompile Include="SceneManager.cpp">
      <Filter>Engine\Sources Files\Singleton</Filter>
    </ClCompile>
    <ClCompile Include="BaseComponent.cpp">
      <Filter>Engine\Sources Files\Components</Filter>
    </ClCompile>
    <ClCompile Include="FpsComponent.cpp">
      <Filter>Engine\Sources Files\Components</Filter>
    </ClCompile>
    <ClCompile Include="AnimatorComponent.cpp">
      <Filter>Engine\Sources Files\Components</Filter>
    </ClCompile>
    <ClCompile Include="WidgetManager.cpp">
      <Filter>Engine\Sources Files\Singleton</Filter>
    </ClCompile>
    <ClCompile Include="GameState.cpp">
      <Filter>Source Files</Filter>
    </ClCompile>
    <ClCompile Include="QuadTree.cpp">
      <Filter>Source Files</Filter>
    </ClCompile>
    <ClCompile Include="SpatialGrid.cpp">
      <Filter>Source Files</Filter>
    </ClCompile>
    <ClCompile Include="NavMeshAgentComponent.cpp">
      <Filter>Source Files</Filter>
    </ClCompile>
    <ClCompile Include="ThreadPool.cpp">
      <Filter>Source Files</Filter>
    </ClCompile>
    <ClCompile Include="KeyboardComponent.cpp">
      <Filter>Engine\Sources Files\UI</Filter>
    </ClCompile>
    <ClCompile Include="NullSoundSystem.cpp">
      <Filter>Source Files</Filter>
    </ClCompile>
  </ItemGroup>
</Project>